
Microsoft Visual Studio Solution File, Format Version 12.00
# Visual Studio 2013
VisualStudioVersion = 12.0.21005.1
MinimumVisualStudioVersion = 10.0.40219.1
Project("{FAE04EC0-301F-11D3-BF4B-00C04F79EFBC}") = "bolt", "bolt\bolt.csproj", "{0F60EF6D-5C08-4E8F-8872-7549F604C58F}"
EndProject
Project("{FAE04EC0-301F-11D3-BF4B-00C04F79EFBC}") = "bolt.editor", "bolt.editor\bolt.editor.csproj", "{3C6D5ADA-BE03-4F38-8204-F3D14C5EBDDF}"
EndProject
Project("{FAE04EC0-301F-11D3-BF4B-00C04F79EFBC}") = "udpkit", "udpkit\udpkit.csproj", "{66A5F183-3065-4A77-A109-779D7984990F}"
EndProject
Project("{2150E333-8FDC-42A3-9474-1A3956D46DE8}") = "Solution Items", "Solution Items", "{393330A3-A797-4F41-AA8C-903CF38D8DB0}"
	ProjectSection(SolutionItems) = preProject
		..\..\Build.bat = ..\..\Build.bat
		..\..\Build.fsx = ..\..\Build.fsx
		..\..\Build.sh = ..\..\Build.sh
		..\..\BUILD_INSTRUCTIONS.md = ..\..\BUILD_INSTRUCTIONS.md
		..\..\Publish.bat = ..\..\Publish.bat
		..\..\Publish.fsx = ..\..\Publish.fsx
	EndProjectSection
EndProject
Project("{FAE04EC0-301F-11D3-BF4B-00C04F79EFBC}") = "bolt.compiler", "bolt.compiler\bolt.compiler.csproj", "{1B45BCEF-50BC-4277-B917-DEFB550C15FA}"
EndProject
Project("{F2A71F9B-5D33-465A-A702-920D77279786}") = "bolt.apigen", "bolt.apigen\bolt.apigen.fsproj", "{931FFE38-AC82-4A60-A268-E760DAE59633}"
EndProject
Project("{FAE04EC0-301F-11D3-BF4B-00C04F79EFBC}") = "udpkit.common", "udpkit.common\udpkit.common.csproj", "{BECE3789-7E78-437C-9423-594705F5FA49}"
EndProject
Project("{F2A71F9B-5D33-465A-A702-920D77279786}") = "udpkit.master", "udpkit.master\udpkit.master.fsproj", "{98329380-F918-48DE-8C4A-046E6D153CD4}"
EndProject
Project("{F2A71F9B-5D33-465A-A702-920D77279786}") = "udpkit.zeus", "udpkit.thundercloud\udpkit.zeus.fsproj", "{A9DC1688-3C67-4DA8-8C5C-848EC8DBDDE2}"
EndProject
Project("{FAE04EC0-301F-11D3-BF4B-00C04F79EFBC}") = "udpkit.zeus.client", "udpkit.thundercloud.client\udpkit.zeus.client.csproj", "{70FFF6C5-C296-444A-BE2A-8B7BAA51B449}"
EndProject
Project("{FAE04EC0-301F-11D3-BF4B-00C04F79EFBC}") = "udpkit.zeus.host", "udpkit.thundercloud.host\udpkit.zeus.host.csproj", "{6658C058-501C-4C27-A6A2-391A03083E82}"
EndProject
Project("{FAE04EC0-301F-11D3-BF4B-00C04F79EFBC}") = "udpkit.wp8", "udpkit.wp8\udpkit.wp8.csproj", "{B2FBB7E5-0988-4EC1-A900-3FB36B395086}"
EndProject
Project("{FAE04EC0-301F-11D3-BF4B-00C04F79EFBC}") = "udpkit.wp8_shim", "udpkit.wp8_shim\udpkit.wp8_shim.csproj", "{E2BDC5FE-7375-4DA9-9D39-2D8B9F19EB1B}"
EndProject
Global
	GlobalSection(SolutionConfigurationPlatforms) = preSolution
		Debug|Any CPU = Debug|Any CPU
		Debug|ARM = Debug|ARM
		Debug|x64 = Debug|x64
		Debug|x86 = Debug|x86
		DebugU5|Any CPU = DebugU5|Any CPU
		DebugU5|ARM = DebugU5|ARM
		DebugU5|x64 = DebugU5|x64
		DebugU5|x86 = DebugU5|x86
		Release|Any CPU = Release|Any CPU
		Release|ARM = Release|ARM
		Release|x64 = Release|x64
		Release|x86 = Release|x86
	EndGlobalSection
	GlobalSection(ProjectConfigurationPlatforms) = postSolution
		{0F60EF6D-5C08-4E8F-8872-7549F604C58F}.Debug|Any CPU.ActiveCfg = Debug|Any CPU
		{0F60EF6D-5C08-4E8F-8872-7549F604C58F}.Debug|Any CPU.Build.0 = Debug|Any CPU
		{0F60EF6D-5C08-4E8F-8872-7549F604C58F}.Debug|ARM.ActiveCfg = Debug|Any CPU
		{0F60EF6D-5C08-4E8F-8872-7549F604C58F}.Debug|x64.ActiveCfg = Debug|Any CPU
		{0F60EF6D-5C08-4E8F-8872-7549F604C58F}.Debug|x86.ActiveCfg = Debug|Any CPU
		{0F60EF6D-5C08-4E8F-8872-7549F604C58F}.DebugU5|Any CPU.ActiveCfg = DebugU5|Any CPU
		{0F60EF6D-5C08-4E8F-8872-7549F604C58F}.DebugU5|Any CPU.Build.0 = DebugU5|Any CPU
		{0F60EF6D-5C08-4E8F-8872-7549F604C58F}.DebugU5|ARM.ActiveCfg = DebugU5|Any CPU
		{0F60EF6D-5C08-4E8F-8872-7549F604C58F}.DebugU5|x64.ActiveCfg = DebugU5|Any CPU
		{0F60EF6D-5C08-4E8F-8872-7549F604C58F}.DebugU5|x86.ActiveCfg = DebugU5|Any CPU
		{0F60EF6D-5C08-4E8F-8872-7549F604C58F}.Release|Any CPU.ActiveCfg = Release|Any CPU
		{0F60EF6D-5C08-4E8F-8872-7549F604C58F}.Release|Any CPU.Build.0 = Release|Any CPU
		{0F60EF6D-5C08-4E8F-8872-7549F604C58F}.Release|ARM.ActiveCfg = Release|Any CPU
		{0F60EF6D-5C08-4E8F-8872-7549F604C58F}.Release|x64.ActiveCfg = Release|Any CPU
		{0F60EF6D-5C08-4E8F-8872-7549F604C58F}.Release|x86.ActiveCfg = Release|Any CPU
		{3C6D5ADA-BE03-4F38-8204-F3D14C5EBDDF}.Debug|Any CPU.ActiveCfg = Debug|Any CPU
		{3C6D5ADA-BE03-4F38-8204-F3D14C5EBDDF}.Debug|Any CPU.Build.0 = Debug|Any CPU
		{3C6D5ADA-BE03-4F38-8204-F3D14C5EBDDF}.Debug|ARM.ActiveCfg = Debug|Any CPU
		{3C6D5ADA-BE03-4F38-8204-F3D14C5EBDDF}.Debug|x64.ActiveCfg = Debug|x64
		{3C6D5ADA-BE03-4F38-8204-F3D14C5EBDDF}.Debug|x64.Build.0 = Debug|x64
		{3C6D5ADA-BE03-4F38-8204-F3D14C5EBDDF}.Debug|x86.ActiveCfg = Debug|Any CPU
		{3C6D5ADA-BE03-4F38-8204-F3D14C5EBDDF}.DebugU5|Any CPU.ActiveCfg = DebugU5|Any CPU
		{3C6D5ADA-BE03-4F38-8204-F3D14C5EBDDF}.DebugU5|Any CPU.Build.0 = DebugU5|Any CPU
		{3C6D5ADA-BE03-4F38-8204-F3D14C5EBDDF}.DebugU5|ARM.ActiveCfg = DebugU5|Any CPU
		{3C6D5ADA-BE03-4F38-8204-F3D14C5EBDDF}.DebugU5|x64.ActiveCfg = DebugU5|x64
		{3C6D5ADA-BE03-4F38-8204-F3D14C5EBDDF}.DebugU5|x64.Build.0 = DebugU5|x64
		{3C6D5ADA-BE03-4F38-8204-F3D14C5EBDDF}.DebugU5|x86.ActiveCfg = DebugU5|Any CPU
		{3C6D5ADA-BE03-4F38-8204-F3D14C5EBDDF}.Release|Any CPU.ActiveCfg = Release|Any CPU
		{3C6D5ADA-BE03-4F38-8204-F3D14C5EBDDF}.Release|Any CPU.Build.0 = Release|Any CPU
		{3C6D5ADA-BE03-4F38-8204-F3D14C5EBDDF}.Release|ARM.ActiveCfg = Release|Any CPU
		{3C6D5ADA-BE03-4F38-8204-F3D14C5EBDDF}.Release|x64.ActiveCfg = Release|x64
		{3C6D5ADA-BE03-4F38-8204-F3D14C5EBDDF}.Release|x64.Build.0 = Release|x64
		{3C6D5ADA-BE03-4F38-8204-F3D14C5EBDDF}.Release|x86.ActiveCfg = Release|Any CPU
		{66A5F183-3065-4A77-A109-779D7984990F}.Debug|Any CPU.ActiveCfg = Debug|Any CPU
		{66A5F183-3065-4A77-A109-779D7984990F}.Debug|Any CPU.Build.0 = Debug|Any CPU
		{66A5F183-3065-4A77-A109-779D7984990F}.Debug|ARM.ActiveCfg = Debug|Any CPU
		{66A5F183-3065-4A77-A109-779D7984990F}.Debug|x64.ActiveCfg = Debug|x64
		{66A5F183-3065-4A77-A109-779D7984990F}.Debug|x64.Build.0 = Debug|x64
		{66A5F183-3065-4A77-A109-779D7984990F}.Debug|x86.ActiveCfg = Debug|Any CPU
		{66A5F183-3065-4A77-A109-779D7984990F}.DebugU5|Any CPU.ActiveCfg = DebugU5|Any CPU
		{66A5F183-3065-4A77-A109-779D7984990F}.DebugU5|Any CPU.Build.0 = DebugU5|Any CPU
		{66A5F183-3065-4A77-A109-779D7984990F}.DebugU5|ARM.ActiveCfg = DebugU5|Any CPU
		{66A5F183-3065-4A77-A109-779D7984990F}.DebugU5|x64.ActiveCfg = DebugU5|x64
		{66A5F183-3065-4A77-A109-779D7984990F}.DebugU5|x64.Build.0 = DebugU5|x64
		{66A5F183-3065-4A77-A109-779D7984990F}.DebugU5|x86.ActiveCfg = DebugU5|Any CPU
		{66A5F183-3065-4A77-A109-779D7984990F}.Release|Any CPU.ActiveCfg = Release|Any CPU
		{66A5F183-3065-4A77-A109-779D7984990F}.Release|Any CPU.Build.0 = Release|Any CPU
		{66A5F183-3065-4A77-A109-779D7984990F}.Release|ARM.ActiveCfg = Release|Any CPU
		{66A5F183-3065-4A77-A109-779D7984990F}.Release|x64.ActiveCfg = Release|x64
		{66A5F183-3065-4A77-A109-779D7984990F}.Release|x64.Build.0 = Release|x64
		{66A5F183-3065-4A77-A109-779D7984990F}.Release|x86.ActiveCfg = Release|Any CPU
		{1B45BCEF-50BC-4277-B917-DEFB550C15FA}.Debug|Any CPU.ActiveCfg = Debug|Any CPU
		{1B45BCEF-50BC-4277-B917-DEFB550C15FA}.Debug|Any CPU.Build.0 = Debug|Any CPU
		{1B45BCEF-50BC-4277-B917-DEFB550C15FA}.Debug|ARM.ActiveCfg = Debug|Any CPU
		{1B45BCEF-50BC-4277-B917-DEFB550C15FA}.Debug|x64.ActiveCfg = Debug|Any CPU
		{1B45BCEF-50BC-4277-B917-DEFB550C15FA}.Debug|x86.ActiveCfg = Debug|Any CPU
		{1B45BCEF-50BC-4277-B917-DEFB550C15FA}.DebugU5|Any CPU.ActiveCfg = DebugU5|Any CPU
		{1B45BCEF-50BC-4277-B917-DEFB550C15FA}.DebugU5|Any CPU.Build.0 = DebugU5|Any CPU
		{1B45BCEF-50BC-4277-B917-DEFB550C15FA}.DebugU5|ARM.ActiveCfg = DebugU5|Any CPU
		{1B45BCEF-50BC-4277-B917-DEFB550C15FA}.DebugU5|x64.ActiveCfg = DebugU5|Any CPU
		{1B45BCEF-50BC-4277-B917-DEFB550C15FA}.DebugU5|x86.ActiveCfg = DebugU5|Any CPU
		{1B45BCEF-50BC-4277-B917-DEFB550C15FA}.Release|Any CPU.ActiveCfg = Release|Any CPU
		{1B45BCEF-50BC-4277-B917-DEFB550C15FA}.Release|Any CPU.Build.0 = Release|Any CPU
		{1B45BCEF-50BC-4277-B917-DEFB550C15FA}.Release|ARM.ActiveCfg = Release|Any CPU
		{1B45BCEF-50BC-4277-B917-DEFB550C15FA}.Release|x64.ActiveCfg = Release|Any CPU
		{1B45BCEF-50BC-4277-B917-DEFB550C15FA}.Release|x86.ActiveCfg = Release|Any CPU
		{931FFE38-AC82-4A60-A268-E760DAE59633}.Debug|Any CPU.ActiveCfg = Debug|Any CPU
		{931FFE38-AC82-4A60-A268-E760DAE59633}.Debug|ARM.ActiveCfg = Debug|Any CPU
		{931FFE38-AC82-4A60-A268-E760DAE59633}.Debug|x64.ActiveCfg = Debug|Any CPU
		{931FFE38-AC82-4A60-A268-E760DAE59633}.Debug|x86.ActiveCfg = Debug|Any CPU
		{931FFE38-AC82-4A60-A268-E760DAE59633}.DebugU5|Any CPU.ActiveCfg = DebugU5|Any CPU
		{931FFE38-AC82-4A60-A268-E760DAE59633}.DebugU5|ARM.ActiveCfg = DebugU5|Any CPU
		{931FFE38-AC82-4A60-A268-E760DAE59633}.DebugU5|x64.ActiveCfg = DebugU5|Any CPU
		{931FFE38-AC82-4A60-A268-E760DAE59633}.DebugU5|x86.ActiveCfg = DebugU5|Any CPU
		{931FFE38-AC82-4A60-A268-E760DAE59633}.Release|Any CPU.ActiveCfg = Release|Any CPU
		{931FFE38-AC82-4A60-A268-E760DAE59633}.Release|ARM.ActiveCfg = Release|Any CPU
		{931FFE38-AC82-4A60-A268-E760DAE59633}.Release|x64.ActiveCfg = Release|Any CPU
		{931FFE38-AC82-4A60-A268-E760DAE59633}.Release|x86.ActiveCfg = Release|Any CPU
		{BECE3789-7E78-437C-9423-594705F5FA49}.Debug|Any CPU.ActiveCfg = Debug|Any CPU
		{BECE3789-7E78-437C-9423-594705F5FA49}.Debug|Any CPU.Build.0 = Debug|Any CPU
		{BECE3789-7E78-437C-9423-594705F5FA49}.Debug|ARM.ActiveCfg = Debug|Any CPU
		{BECE3789-7E78-437C-9423-594705F5FA49}.Debug|x64.ActiveCfg = Debug|Any CPU
		{BECE3789-7E78-437C-9423-594705F5FA49}.Debug|x86.ActiveCfg = Debug|Any CPU
		{BECE3789-7E78-437C-9423-594705F5FA49}.DebugU5|Any CPU.ActiveCfg = DebugU5|Any CPU
		{BECE3789-7E78-437C-9423-594705F5FA49}.DebugU5|Any CPU.Build.0 = DebugU5|Any CPU
		{BECE3789-7E78-437C-9423-594705F5FA49}.DebugU5|ARM.ActiveCfg = DebugU5|Any CPU
		{BECE3789-7E78-437C-9423-594705F5FA49}.DebugU5|x64.ActiveCfg = DebugU5|Any CPU
		{BECE3789-7E78-437C-9423-594705F5FA49}.DebugU5|x86.ActiveCfg = DebugU5|Any CPU
		{BECE3789-7E78-437C-9423-594705F5FA49}.Release|Any CPU.ActiveCfg = Release|Any CPU
		{BECE3789-7E78-437C-9423-594705F5FA49}.Release|Any CPU.Build.0 = Release|Any CPU
		{BECE3789-7E78-437C-9423-594705F5FA49}.Release|ARM.ActiveCfg = Release|Any CPU
		{BECE3789-7E78-437C-9423-594705F5FA49}.Release|x64.ActiveCfg = Release|Any CPU
		{BECE3789-7E78-437C-9423-594705F5FA49}.Release|x86.ActiveCfg = Release|Any CPU
		{98329380-F918-48DE-8C4A-046E6D153CD4}.Debug|Any CPU.ActiveCfg = Debug|Any CPU
		{98329380-F918-48DE-8C4A-046E6D153CD4}.Debug|Any CPU.Build.0 = Debug|Any CPU
		{98329380-F918-48DE-8C4A-046E6D153CD4}.Debug|ARM.ActiveCfg = Debug|Any CPU
		{98329380-F918-48DE-8C4A-046E6D153CD4}.Debug|x64.ActiveCfg = Debug|Any CPU
		{98329380-F918-48DE-8C4A-046E6D153CD4}.Debug|x86.ActiveCfg = Debug|Any CPU
		{98329380-F918-48DE-8C4A-046E6D153CD4}.DebugU5|Any CPU.ActiveCfg = DebugU5|Any CPU
		{98329380-F918-48DE-8C4A-046E6D153CD4}.DebugU5|Any CPU.Build.0 = DebugU5|Any CPU
		{98329380-F918-48DE-8C4A-046E6D153CD4}.DebugU5|ARM.ActiveCfg = DebugU5|Any CPU
		{98329380-F918-48DE-8C4A-046E6D153CD4}.DebugU5|x64.ActiveCfg = DebugU5|Any CPU
		{98329380-F918-48DE-8C4A-046E6D153CD4}.DebugU5|x86.ActiveCfg = DebugU5|Any CPU
		{98329380-F918-48DE-8C4A-046E6D153CD4}.Release|Any CPU.ActiveCfg = Release|Any CPU
		{98329380-F918-48DE-8C4A-046E6D153CD4}.Release|Any CPU.Build.0 = Release|Any CPU
		{98329380-F918-48DE-8C4A-046E6D153CD4}.Release|ARM.ActiveCfg = Release|Any CPU
		{98329380-F918-48DE-8C4A-046E6D153CD4}.Release|x64.ActiveCfg = Release|Any CPU
		{98329380-F918-48DE-8C4A-046E6D153CD4}.Release|x86.ActiveCfg = Release|Any CPU
		{A9DC1688-3C67-4DA8-8C5C-848EC8DBDDE2}.Debug|Any CPU.ActiveCfg = Debug|Any CPU
		{A9DC1688-3C67-4DA8-8C5C-848EC8DBDDE2}.Debug|Any CPU.Build.0 = Debug|Any CPU
		{A9DC1688-3C67-4DA8-8C5C-848EC8DBDDE2}.Debug|ARM.ActiveCfg = Debug|Any CPU
		{A9DC1688-3C67-4DA8-8C5C-848EC8DBDDE2}.Debug|x64.ActiveCfg = Debug|Any CPU
		{A9DC1688-3C67-4DA8-8C5C-848EC8DBDDE2}.Debug|x86.ActiveCfg = Debug|Any CPU
		{A9DC1688-3C67-4DA8-8C5C-848EC8DBDDE2}.DebugU5|Any CPU.ActiveCfg = DebugU5|Any CPU
		{A9DC1688-3C67-4DA8-8C5C-848EC8DBDDE2}.DebugU5|Any CPU.Build.0 = DebugU5|Any CPU
		{A9DC1688-3C67-4DA8-8C5C-848EC8DBDDE2}.DebugU5|ARM.ActiveCfg = DebugU5|Any CPU
		{A9DC1688-3C67-4DA8-8C5C-848EC8DBDDE2}.DebugU5|x64.ActiveCfg = DebugU5|Any CPU
		{A9DC1688-3C67-4DA8-8C5C-848EC8DBDDE2}.DebugU5|x86.ActiveCfg = DebugU5|Any CPU
		{A9DC1688-3C67-4DA8-8C5C-848EC8DBDDE2}.Release|Any CPU.ActiveCfg = Release|Any CPU
		{A9DC1688-3C67-4DA8-8C5C-848EC8DBDDE2}.Release|Any CPU.Build.0 = Release|Any CPU
		{A9DC1688-3C67-4DA8-8C5C-848EC8DBDDE2}.Release|ARM.ActiveCfg = Release|Any CPU
		{A9DC1688-3C67-4DA8-8C5C-848EC8DBDDE2}.Release|x64.ActiveCfg = Release|Any CPU
		{A9DC1688-3C67-4DA8-8C5C-848EC8DBDDE2}.Release|x86.ActiveCfg = Release|Any CPU
		{70FFF6C5-C296-444A-BE2A-8B7BAA51B449}.Debug|Any CPU.ActiveCfg = Debug|Any CPU
		{70FFF6C5-C296-444A-BE2A-8B7BAA51B449}.Debug|Any CPU.Build.0 = Debug|Any CPU
		{70FFF6C5-C296-444A-BE2A-8B7BAA51B449}.Debug|ARM.ActiveCfg = Debug|Any CPU
		{70FFF6C5-C296-444A-BE2A-8B7BAA51B449}.Debug|x64.ActiveCfg = Debug|Any CPU
		{70FFF6C5-C296-444A-BE2A-8B7BAA51B449}.Debug|x86.ActiveCfg = Debug|Any CPU
		{70FFF6C5-C296-444A-BE2A-8B7BAA51B449}.DebugU5|Any CPU.ActiveCfg = DebugU5|Any CPU
		{70FFF6C5-C296-444A-BE2A-8B7BAA51B449}.DebugU5|Any CPU.Build.0 = DebugU5|Any CPU
		{70FFF6C5-C296-444A-BE2A-8B7BAA51B449}.DebugU5|ARM.ActiveCfg = DebugU5|Any CPU
		{70FFF6C5-C296-444A-BE2A-8B7BAA51B449}.DebugU5|x64.ActiveCfg = DebugU5|Any CPU
		{70FFF6C5-C296-444A-BE2A-8B7BAA51B449}.DebugU5|x86.ActiveCfg = DebugU5|Any CPU
		{70FFF6C5-C296-444A-BE2A-8B7BAA51B449}.Release|Any CPU.ActiveCfg = Release|Any CPU
		{70FFF6C5-C296-444A-BE2A-8B7BAA51B449}.Release|Any CPU.Build.0 = Release|Any CPU
		{70FFF6C5-C296-444A-BE2A-8B7BAA51B449}.Release|ARM.ActiveCfg = Release|Any CPU
		{70FFF6C5-C296-444A-BE2A-8B7BAA51B449}.Release|x64.ActiveCfg = Release|Any CPU
		{70FFF6C5-C296-444A-BE2A-8B7BAA51B449}.Release|x86.ActiveCfg = Release|Any CPU
		{6658C058-501C-4C27-A6A2-391A03083E82}.Debug|Any CPU.ActiveCfg = Debug|Any CPU
		{6658C058-501C-4C27-A6A2-391A03083E82}.Debug|Any CPU.Build.0 = Debug|Any CPU
		{6658C058-501C-4C27-A6A2-391A03083E82}.Debug|ARM.ActiveCfg = Debug|Any CPU
		{6658C058-501C-4C27-A6A2-391A03083E82}.Debug|x64.ActiveCfg = Debug|Any CPU
		{6658C058-501C-4C27-A6A2-391A03083E82}.Debug|x86.ActiveCfg = Debug|Any CPU
		{6658C058-501C-4C27-A6A2-391A03083E82}.DebugU5|Any CPU.ActiveCfg = DebugU5|Any CPU
		{6658C058-501C-4C27-A6A2-391A03083E82}.DebugU5|Any CPU.Build.0 = DebugU5|Any CPU
		{6658C058-501C-4C27-A6A2-391A03083E82}.DebugU5|ARM.ActiveCfg = DebugU5|Any CPU
		{6658C058-501C-4C27-A6A2-391A03083E82}.DebugU5|x64.ActiveCfg = DebugU5|Any CPU
		{6658C058-501C-4C27-A6A2-391A03083E82}.DebugU5|x86.ActiveCfg = DebugU5|Any CPU
		{6658C058-501C-4C27-A6A2-391A03083E82}.Release|Any CPU.ActiveCfg = Release|Any CPU
		{6658C058-501C-4C27-A6A2-391A03083E82}.Release|Any CPU.Build.0 = Release|Any CPU
		{6658C058-501C-4C27-A6A2-391A03083E82}.Release|ARM.ActiveCfg = Release|Any CPU
		{6658C058-501C-4C27-A6A2-391A03083E82}.Release|x64.ActiveCfg = Release|Any CPU
		{6658C058-501C-4C27-A6A2-391A03083E82}.Release|x86.ActiveCfg = Release|Any CPU
		{B2FBB7E5-0988-4EC1-A900-3FB36B395086}.Debug|Any CPU.ActiveCfg = Debug|Any CPU
		{B2FBB7E5-0988-4EC1-A900-3FB36B395086}.Debug|Any CPU.Build.0 = Debug|Any CPU
		{B2FBB7E5-0988-4EC1-A900-3FB36B395086}.Debug|ARM.ActiveCfg = Debug|ARM
		{B2FBB7E5-0988-4EC1-A900-3FB36B395086}.Debug|ARM.Build.0 = Debug|ARM
		{B2FBB7E5-0988-4EC1-A900-3FB36B395086}.Debug|x64.ActiveCfg = Debug|Any CPU
		{B2FBB7E5-0988-4EC1-A900-3FB36B395086}.Debug|x86.ActiveCfg = Debug|x86
		{B2FBB7E5-0988-4EC1-A900-3FB36B395086}.Debug|x86.Build.0 = Debug|x86
		{B2FBB7E5-0988-4EC1-A900-3FB36B395086}.DebugU5|Any CPU.ActiveCfg = Debug|Any CPU
		{B2FBB7E5-0988-4EC1-A900-3FB36B395086}.DebugU5|Any CPU.Build.0 = Debug|Any CPU
		{B2FBB7E5-0988-4EC1-A900-3FB36B395086}.DebugU5|ARM.ActiveCfg = Debug|ARM
		{B2FBB7E5-0988-4EC1-A900-3FB36B395086}.DebugU5|ARM.Build.0 = Debug|ARM
		{B2FBB7E5-0988-4EC1-A900-3FB36B395086}.DebugU5|x64.ActiveCfg = Debug|Any CPU
		{B2FBB7E5-0988-4EC1-A900-3FB36B395086}.DebugU5|x86.ActiveCfg = Debug|x86
		{B2FBB7E5-0988-4EC1-A900-3FB36B395086}.DebugU5|x86.Build.0 = Debug|x86
		{B2FBB7E5-0988-4EC1-A900-3FB36B395086}.Release|Any CPU.ActiveCfg = Release|Any CPU
		{B2FBB7E5-0988-4EC1-A900-3FB36B395086}.Release|Any CPU.Build.0 = Release|Any CPU
		{B2FBB7E5-0988-4EC1-A900-3FB36B395086}.Release|ARM.ActiveCfg = Release|ARM
		{B2FBB7E5-0988-4EC1-A900-3FB36B395086}.Release|ARM.Build.0 = Release|ARM
		{B2FBB7E5-0988-4EC1-A900-3FB36B395086}.Release|x64.ActiveCfg = Release|Any CPU
		{B2FBB7E5-0988-4EC1-A900-3FB36B395086}.Release|x86.ActiveCfg = Release|x86
		{B2FBB7E5-0988-4EC1-A900-3FB36B395086}.Release|x86.Build.0 = Release|x86
		{E2BDC5FE-7375-4DA9-9D39-2D8B9F19EB1B}.Debug|Any CPU.ActiveCfg = Debug|Any CPU
		{E2BDC5FE-7375-4DA9-9D39-2D8B9F19EB1B}.Debug|ARM.ActiveCfg = Debug|Any CPU
		{E2BDC5FE-7375-4DA9-9D39-2D8B9F19EB1B}.Debug|x64.ActiveCfg = Debug|Any CPU
		{E2BDC5FE-7375-4DA9-9D39-2D8B9F19EB1B}.Debug|x86.ActiveCfg = Debug|Any CPU
		{E2BDC5FE-7375-4DA9-9D39-2D8B9F19EB1B}.DebugU5|Any CPU.ActiveCfg = Debug|Any CPU
		{E2BDC5FE-7375-4DA9-9D39-2D8B9F19EB1B}.DebugU5|ARM.ActiveCfg = Debug|Any CPU
		{E2BDC5FE-7375-4DA9-9D39-2D8B9F19EB1B}.DebugU5|x64.ActiveCfg = Debug|Any CPU
		{E2BDC5FE-7375-4DA9-9D39-2D8B9F19EB1B}.DebugU5|x86.ActiveCfg = Debug|Any CPU
		{E2BDC5FE-7375-4DA9-9D39-2D8B9F19EB1B}.Release|Any CPU.ActiveCfg = Release|Any CPU
		{E2BDC5FE-7375-4DA9-9D39-2D8B9F19EB1B}.Release|ARM.ActiveCfg = Release|Any CPU
		{E2BDC5FE-7375-4DA9-9D39-2D8B9F19EB1B}.Release|x64.ActiveCfg = Release|Any CPU
		{E2BDC5FE-7375-4DA9-9D39-2D8B9F19EB1B}.Release|x86.ActiveCfg = Release|Any CPU
	EndGlobalSection
	GlobalSection(SolutionProperties) = preSolution
		HideSolutionNode = FALSE
	EndGlobalSection
	GlobalSection(MonoDevelopProperties) = preSolution
		StartupItem = bolt\bolt.csproj
	EndGlobalSection
EndGlobal
