
Microsoft Visual Studio Solution File, Format Version 12.00
# Visual Studio 2013
VisualStudioVersion = 12.0.21005.1
MinimumVisualStudioVersion = 10.0.40219.1
Project("{FAE04EC0-301F-11D3-BF4B-00C04F79EFBC}") = "bolt", "bolt\bolt.csproj", "{0F60EF6D-5C08-4E8F-8872-7549F604C58F}"
EndProject
Project("{FAE04EC0-301F-11D3-BF4B-00C04F79EFBC}") = "bolt.editor", "bolt.editor\bolt.editor.csproj", "{3C6D5ADA-BE03-4F38-8204-F3D14C5EBDDF}"
EndProject
Project("{FAE04EC0-301F-11D3-BF4B-00C04F79EFBC}") = "udpkit", "udpkit\udpkit.csproj", "{66A5F183-3065-4A77-A109-779D7984990F}"
EndProject
Project("{2150E333-8FDC-42A3-9474-1A3956D46DE8}") = "Solution Items", "Solution Items", "{393330A3-A797-4F41-AA8C-903CF38D8DB0}"
	ProjectSection(SolutionItems) = preProject
		..\..\Build.bat = ..\..\Build.bat
		..\..\Build.fsx = ..\..\Build.fsx
		..\..\Build.sh = ..\..\Build.sh
		..\..\BUILD_INSTRUCTIONS.md = ..\..\BUILD_INSTRUCTIONS.md
		..\..\Publish.bat = ..\..\Publish.bat
		..\..\Publish.fsx = ..\..\Publish.fsx
	EndProjectSection
EndProject
Project("{FAE04EC0-301F-11D3-BF4B-00C04F79EFBC}") = "bolt.compiler", "bolt.compiler\bolt.compiler.csproj", "{1B45BCEF-50BC-4277-B917-DEFB550C15FA}"
EndProject
Project("{FAE04EC0-301F-11D3-BF4B-00C04F79EFBC}") = "timber", "timber\timber.csproj", "{7CD41B63-46EC-4864-AAAD-8211F53B4E40}"
EndProject
Project("{FAE04EC0-301F-11D3-BF4B-00C04F79EFBC}") = "dev_master", "dev_master\dev_master.csproj", "{A93D9317-E842-4996-9D09-31A837395ECB}"
EndProject
Project("{2150E333-8FDC-42A3-9474-1A3956D46DE8}") = "MasterServer_Dev", "MasterServer_Dev", "{6754D79C-CEB5-4F40-B845-453B31E4AF37}"
EndProject
Project("{FAE04EC0-301F-11D3-BF4B-00C04F79EFBC}") = "dev_host", "dev_host\dev_host.csproj", "{D5B64941-F35A-4ABB-A7BF-2CFF27F73507}"
EndProject
Project("{FAE04EC0-301F-11D3-BF4B-00C04F79EFBC}") = "dev_client", "dev_client\dev_client.csproj", "{987918CE-5AE6-468A-AD3A-9F2B62064869}"
EndProject
Project("{8BC9CEB8-8B4A-11D0-8D11-00A0C91BC942}") = "winsock", "udpkit\native\winsock\winsock.vcxproj", "{CE0570DD-F462-476B-B78A-0B363092852A}"
EndProject
Project("{F2A71F9B-5D33-465A-A702-920D77279786}") = "bolt.apigen", "bolt.apigen\bolt.apigen.fsproj", "{931FFE38-AC82-4A60-A268-E760DAE59633}"
EndProject
Global
	GlobalSection(SolutionConfigurationPlatforms) = preSolution
		Debug|Any CPU = Debug|Any CPU
		Debug|Mixed Platforms = Debug|Mixed Platforms
		Debug|Win32 = Debug|Win32
		Release|Any CPU = Release|Any CPU
		Release|Mixed Platforms = Release|Mixed Platforms
		Release|Win32 = Release|Win32
	EndGlobalSection
	GlobalSection(ProjectConfigurationPlatforms) = postSolution
		{0F60EF6D-5C08-4E8F-8872-7549F604C58F}.Debug|Any CPU.ActiveCfg = Debug|Any CPU
		{0F60EF6D-5C08-4E8F-8872-7549F604C58F}.Debug|Any CPU.Build.0 = Debug|Any CPU
		{0F60EF6D-5C08-4E8F-8872-7549F604C58F}.Debug|Mixed Platforms.ActiveCfg = Debug|Any CPU
		{0F60EF6D-5C08-4E8F-8872-7549F604C58F}.Debug|Mixed Platforms.Build.0 = Debug|Any CPU
		{0F60EF6D-5C08-4E8F-8872-7549F604C58F}.Debug|Win32.ActiveCfg = Debug|Any CPU
		{0F60EF6D-5C08-4E8F-8872-7549F604C58F}.Release|Any CPU.ActiveCfg = Release|Any CPU
		{0F60EF6D-5C08-4E8F-8872-7549F604C58F}.Release|Any CPU.Build.0 = Release|Any CPU
		{0F60EF6D-5C08-4E8F-8872-7549F604C58F}.Release|Mixed Platforms.ActiveCfg = Release|Any CPU
		{0F60EF6D-5C08-4E8F-8872-7549F604C58F}.Release|Mixed Platforms.Build.0 = Release|Any CPU
		{0F60EF6D-5C08-4E8F-8872-7549F604C58F}.Release|Win32.ActiveCfg = Release|Any CPU
		{3C6D5ADA-BE03-4F38-8204-F3D14C5EBDDF}.Debug|Any CPU.ActiveCfg = Debug|Any CPU
		{3C6D5ADA-BE03-4F38-8204-F3D14C5EBDDF}.Debug|Any CPU.Build.0 = Debug|Any CPU
		{3C6D5ADA-BE03-4F38-8204-F3D14C5EBDDF}.Debug|Mixed Platforms.ActiveCfg = Debug|Any CPU
		{3C6D5ADA-BE03-4F38-8204-F3D14C5EBDDF}.Debug|Mixed Platforms.Build.0 = Debug|Any CPU
		{3C6D5ADA-BE03-4F38-8204-F3D14C5EBDDF}.Debug|Win32.ActiveCfg = Debug|Any CPU
		{3C6D5ADA-BE03-4F38-8204-F3D14C5EBDDF}.Release|Any CPU.ActiveCfg = Release|Any CPU
		{3C6D5ADA-BE03-4F38-8204-F3D14C5EBDDF}.Release|Any CPU.Build.0 = Release|Any CPU
		{3C6D5ADA-BE03-4F38-8204-F3D14C5EBDDF}.Release|Mixed Platforms.ActiveCfg = Release|Any CPU
		{3C6D5ADA-BE03-4F38-8204-F3D14C5EBDDF}.Release|Mixed Platforms.Build.0 = Release|Any CPU
		{3C6D5ADA-BE03-4F38-8204-F3D14C5EBDDF}.Release|Win32.ActiveCfg = Release|Any CPU
		{66A5F183-3065-4A77-A109-779D7984990F}.Debug|Any CPU.ActiveCfg = Debug|Any CPU
		{66A5F183-3065-4A77-A109-779D7984990F}.Debug|Any CPU.Build.0 = Debug|Any CPU
		{66A5F183-3065-4A77-A109-779D7984990F}.Debug|Mixed Platforms.ActiveCfg = Debug|Any CPU
		{66A5F183-3065-4A77-A109-779D7984990F}.Debug|Mixed Platforms.Build.0 = Debug|Any CPU
		{66A5F183-3065-4A77-A109-779D7984990F}.Debug|Win32.ActiveCfg = Debug|Any CPU
		{66A5F183-3065-4A77-A109-779D7984990F}.Release|Any CPU.ActiveCfg = Release|Any CPU
		{66A5F183-3065-4A77-A109-779D7984990F}.Release|Any CPU.Build.0 = Release|Any CPU
		{66A5F183-3065-4A77-A109-779D7984990F}.Release|Mixed Platforms.ActiveCfg = Release|Any CPU
		{66A5F183-3065-4A77-A109-779D7984990F}.Release|Mixed Platforms.Build.0 = Release|Any CPU
		{66A5F183-3065-4A77-A109-779D7984990F}.Release|Win32.ActiveCfg = Release|Any CPU
		{1B45BCEF-50BC-4277-B917-DEFB550C15FA}.Debug|Any CPU.ActiveCfg = Debug|Any CPU
		{1B45BCEF-50BC-4277-B917-DEFB550C15FA}.Debug|Any CPU.Build.0 = Debug|Any CPU
		{1B45BCEF-50BC-4277-B917-DEFB550C15FA}.Debug|Mixed Platforms.ActiveCfg = Debug|Any CPU
		{1B45BCEF-50BC-4277-B917-DEFB550C15FA}.Debug|Mixed Platforms.Build.0 = Debug|Any CPU
		{1B45BCEF-50BC-4277-B917-DEFB550C15FA}.Debug|Win32.ActiveCfg = Debug|Any CPU
		{1B45BCEF-50BC-4277-B917-DEFB550C15FA}.Release|Any CPU.ActiveCfg = Release|Any CPU
		{1B45BCEF-50BC-4277-B917-DEFB550C15FA}.Release|Any CPU.Build.0 = Release|Any CPU
		{1B45BCEF-50BC-4277-B917-DEFB550C15FA}.Release|Mixed Platforms.ActiveCfg = Release|Any CPU
		{1B45BCEF-50BC-4277-B917-DEFB550C15FA}.Release|Mixed Platforms.Build.0 = Release|Any CPU
		{1B45BCEF-50BC-4277-B917-DEFB550C15FA}.Release|Win32.ActiveCfg = Release|Any CPU
		{7CD41B63-46EC-4864-AAAD-8211F53B4E40}.Debug|Any CPU.ActiveCfg = Debug|Any CPU
		{7CD41B63-46EC-4864-AAAD-8211F53B4E40}.Debug|Any CPU.Build.0 = Debug|Any CPU
		{7CD41B63-46EC-4864-AAAD-8211F53B4E40}.Debug|Mixed Platforms.ActiveCfg = Debug|Any CPU
		{7CD41B63-46EC-4864-AAAD-8211F53B4E40}.Debug|Mixed Platforms.Build.0 = Debug|Any CPU
		{7CD41B63-46EC-4864-AAAD-8211F53B4E40}.Debug|Win32.ActiveCfg = Debug|Any CPU
		{7CD41B63-46EC-4864-AAAD-8211F53B4E40}.Release|Any CPU.ActiveCfg = Release|Any CPU
		{7CD41B63-46EC-4864-AAAD-8211F53B4E40}.Release|Any CPU.Build.0 = Release|Any CPU
		{7CD41B63-46EC-4864-AAAD-8211F53B4E40}.Release|Mixed Platforms.ActiveCfg = Release|Any CPU
		{7CD41B63-46EC-4864-AAAD-8211F53B4E40}.Release|Mixed Platforms.Build.0 = Release|Any CPU
		{7CD41B63-46EC-4864-AAAD-8211F53B4E40}.Release|Win32.ActiveCfg = Release|Any CPU
		{A93D9317-E842-4996-9D09-31A837395ECB}.Debug|Any CPU.ActiveCfg = Debug|Any CPU
		{A93D9317-E842-4996-9D09-31A837395ECB}.Debug|Any CPU.Build.0 = Debug|Any CPU
		{A93D9317-E842-4996-9D09-31A837395ECB}.Debug|Mixed Platforms.ActiveCfg = Debug|Any CPU
		{A93D9317-E842-4996-9D09-31A837395ECB}.Debug|Mixed Platforms.Build.0 = Debug|Any CPU
		{A93D9317-E842-4996-9D09-31A837395ECB}.Debug|Win32.ActiveCfg = Debug|Any CPU
		{A93D9317-E842-4996-9D09-31A837395ECB}.Release|Any CPU.ActiveCfg = Release|Any CPU
		{A93D9317-E842-4996-9D09-31A837395ECB}.Release|Any CPU.Build.0 = Release|Any CPU
		{A93D9317-E842-4996-9D09-31A837395ECB}.Release|Mixed Platforms.ActiveCfg = Release|Any CPU
		{A93D9317-E842-4996-9D09-31A837395ECB}.Release|Mixed Platforms.Build.0 = Release|Any CPU
		{A93D9317-E842-4996-9D09-31A837395ECB}.Release|Win32.ActiveCfg = Release|Any CPU
		{D5B64941-F35A-4ABB-A7BF-2CFF27F73507}.Debug|Any CPU.ActiveCfg = Debug|Any CPU
		{D5B64941-F35A-4ABB-A7BF-2CFF27F73507}.Debug|Any CPU.Build.0 = Debug|Any CPU
		{D5B64941-F35A-4ABB-A7BF-2CFF27F73507}.Debug|Mixed Platforms.ActiveCfg = Debug|Any CPU
		{D5B64941-F35A-4ABB-A7BF-2CFF27F73507}.Debug|Mixed Platforms.Build.0 = Debug|Any CPU
		{D5B64941-F35A-4ABB-A7BF-2CFF27F73507}.Debug|Win32.ActiveCfg = Debug|Any CPU
		{D5B64941-F35A-4ABB-A7BF-2CFF27F73507}.Release|Any CPU.ActiveCfg = Release|Any CPU
		{D5B64941-F35A-4ABB-A7BF-2CFF27F73507}.Release|Any CPU.Build.0 = Release|Any CPU
		{D5B64941-F35A-4ABB-A7BF-2CFF27F73507}.Release|Mixed Platforms.ActiveCfg = Release|Any CPU
		{D5B64941-F35A-4ABB-A7BF-2CFF27F73507}.Release|Mixed Platforms.Build.0 = Release|Any CPU
		{D5B64941-F35A-4ABB-A7BF-2CFF27F73507}.Release|Win32.ActiveCfg = Release|Any CPU
		{987918CE-5AE6-468A-AD3A-9F2B62064869}.Debug|Any CPU.ActiveCfg = Debug|Any CPU
		{987918CE-5AE6-468A-AD3A-9F2B62064869}.Debug|Any CPU.Build.0 = Debug|Any CPU
		{987918CE-5AE6-468A-AD3A-9F2B62064869}.Debug|Mixed Platforms.ActiveCfg = Debug|Any CPU
		{987918CE-5AE6-468A-AD3A-9F2B62064869}.Debug|Mixed Platforms.Build.0 = Debug|Any CPU
		{987918CE-5AE6-468A-AD3A-9F2B62064869}.Debug|Win32.ActiveCfg = Debug|Any CPU
		{987918CE-5AE6-468A-AD3A-9F2B62064869}.Release|Any CPU.ActiveCfg = Release|Any CPU
		{987918CE-5AE6-468A-AD3A-9F2B62064869}.Release|Any CPU.Build.0 = Release|Any CPU
		{987918CE-5AE6-468A-AD3A-9F2B62064869}.Release|Mixed Platforms.ActiveCfg = Release|Any CPU
		{987918CE-5AE6-468A-AD3A-9F2B62064869}.Release|Mixed Platforms.Build.0 = Release|Any CPU
		{987918CE-5AE6-468A-AD3A-9F2B62064869}.Release|Win32.ActiveCfg = Release|Any CPU
		{CE0570DD-F462-476B-B78A-0B363092852A}.Debug|Any CPU.ActiveCfg = Debug|Win32
		{CE0570DD-F462-476B-B78A-0B363092852A}.Debug|Mixed Platforms.ActiveCfg = Debug|Win32
		{CE0570DD-F462-476B-B78A-0B363092852A}.Debug|Mixed Platforms.Build.0 = Debug|Win32
		{CE0570DD-F462-476B-B78A-0B363092852A}.Debug|Win32.ActiveCfg = Debug|Win32
		{CE0570DD-F462-476B-B78A-0B363092852A}.Debug|Win32.Build.0 = Debug|Win32
		{CE0570DD-F462-476B-B78A-0B363092852A}.Release|Any CPU.ActiveCfg = Release|Win32
		{CE0570DD-F462-476B-B78A-0B363092852A}.Release|Mixed Platforms.ActiveCfg = Release|Win32
		{CE0570DD-F462-476B-B78A-0B363092852A}.Release|Mixed Platforms.Build.0 = Release|Win32
		{CE0570DD-F462-476B-B78A-0B363092852A}.Release|Win32.ActiveCfg = Release|Win32
		{CE0570DD-F462-476B-B78A-0B363092852A}.Release|Win32.Build.0 = Release|Win32
		{931FFE38-AC82-4A60-A268-E760DAE59633}.Debug|Any CPU.ActiveCfg = Debug|Any CPU
		{931FFE38-AC82-4A60-A268-E760DAE59633}.Debug|Mixed Platforms.ActiveCfg = Debug|Any CPU
		{931FFE38-AC82-4A60-A268-E760DAE59633}.Debug|Win32.ActiveCfg = Debug|Any CPU
		{931FFE38-AC82-4A60-A268-E760DAE59633}.Release|Any CPU.ActiveCfg = Release|Any CPU
		{931FFE38-AC82-4A60-A268-E760DAE59633}.Release|Mixed Platforms.ActiveCfg = Release|Any CPU
		{931FFE38-AC82-4A60-A268-E760DAE59633}.Release|Win32.ActiveCfg = Release|Any CPU
	EndGlobalSection
	GlobalSection(SolutionProperties) = preSolution
		HideSolutionNode = FALSE
	EndGlobalSection
	GlobalSection(NestedProjects) = preSolution
		{A93D9317-E842-4996-9D09-31A837395ECB} = {6754D79C-CEB5-4F40-B845-453B31E4AF37}
		{D5B64941-F35A-4ABB-A7BF-2CFF27F73507} = {6754D79C-CEB5-4F40-B845-453B31E4AF37}
		{987918CE-5AE6-468A-AD3A-9F2B62064869} = {6754D79C-CEB5-4F40-B845-453B31E4AF37}
	EndGlobalSection
	GlobalSection(MonoDevelopProperties) = preSolution
		StartupItem = bolt\bolt.csproj
	EndGlobalSection
EndGlobal
